
Microsoft Visual Studio Solution File, Format Version 12.00
# Visual Studio Version 16
VisualStudioVersion = 16.0.29905.134
MinimumVisualStudioVersion = 10.0.40219.1
Project("{FAE04EC0-301F-11D3-BF4B-00C04F79EFBC}") = "ConsoleClient", "ConsoleClient\ConsoleClient.csproj", "{C1BD077F-CC0B-46A2-AA92-DF3BEA77C3F2}"
EndProject
Project("{FAE04EC0-301F-11D3-BF4B-00C04F79EFBC}") = "TaxServiceLibrary", "TaxService\TaxServiceLibrary.csproj", "{05C4CB12-1421-408D-8F49-ACF42988ECB2}"
EndProject
Project("{FAE04EC0-301F-11D3-BF4B-00C04F79EFBC}") = "ClientUnitTests", "ClientUnitTests\ClientUnitTests.csproj", "{F8A981A1-3723-4534-9E06-3241CB4580A0}"
EndProject
Global
	GlobalSection(SolutionConfigurationPlatforms) = preSolution
		Debug|Any CPU = Debug|Any CPU
		Release|Any CPU = Release|Any CPU
	EndGlobalSection
	GlobalSection(ProjectConfigurationPlatforms) = postSolution
		{C1BD077F-CC0B-46A2-AA92-DF3BEA77C3F2}.Debug|Any CPU.ActiveCfg = Debug|Any CPU
		{C1BD077F-CC0B-46A2-AA92-DF3BEA77C3F2}.Debug|Any CPU.Build.0 = Debug|Any CPU
		{C1BD077F-CC0B-46A2-AA92-DF3BEA77C3F2}.Release|Any CPU.ActiveCfg = Release|Any CPU
		{C1BD077F-CC0B-46A2-AA92-DF3BEA77C3F2}.Release|Any CPU.Build.0 = Release|Any CPU
		{05C4CB12-1421-408D-8F49-ACF42988ECB2}.Debug|Any CPU.ActiveCfg = Debug|Any CPU
		{05C4CB12-1421-408D-8F49-ACF42988ECB2}.Debug|Any CPU.Build.0 = Debug|Any CPU
		{05C4CB12-1421-408D-8F49-ACF42988ECB2}.Release|Any CPU.ActiveCfg = Release|Any CPU
		{05C4CB12-1421-408D-8F49-ACF42988ECB2}.Release|Any CPU.Build.0 = Release|Any CPU
		{F8A981A1-3723-4534-9E06-3241CB4580A0}.Debug|Any CPU.ActiveCfg = Debug|Any CPU
		{F8A981A1-3723-4534-9E06-3241CB4580A0}.Debug|Any CPU.Build.0 = Debug|Any CPU
		{F8A981A1-3723-4534-9E06-3241CB4580A0}.Release|Any CPU.ActiveCfg = Release|Any CPU
		{F8A981A1-3723-4534-9E06-3241CB4580A0}.Release|Any CPU.Build.0 = Release|Any CPU
	EndGlobalSection
	GlobalSection(SolutionProperties) = preSolution
		HideSolutionNode = FALSE
	EndGlobalSection
	GlobalSection(ExtensibilityGlobals) = postSolution
		SolutionGuid = {464607A5-77AC-43A0-BADA-D411ECD694CF}
	EndGlobalSection
EndGlobal
